
Microsoft Visual Studio Solution File, Format Version 12.00
# Visual Studio 15
VisualStudioVersion = 15.0.27428.2037
MinimumVisualStudioVersion = 10.0.40219.1
Project("{FAE04EC0-301F-11D3-BF4B-00C04F79EFBC}") = "WebApplication1", "WebApplication1\WebApplication1.csproj", "{EB75F8F9-E1FD-404E-90E5-50022F0DEE79}"
EndProject
Project("{FAE04EC0-301F-11D3-BF4B-00C04F79EFBC}") = "WebApplication1.Tests", "WebApplication1.Tests\WebApplication1.Tests.csproj", "{B2FCA90D-3E47-4275-B694-A9C9B3511714}"
EndProject
Global
	GlobalSection(SolutionConfigurationPlatforms) = preSolution
		Debug|Any CPU = Debug|Any CPU
		Release|Any CPU = Release|Any CPU
	EndGlobalSection
	GlobalSection(ProjectConfigurationPlatforms) = postSolution
		{EB75F8F9-E1FD-404E-90E5-50022F0DEE79}.Debug|Any CPU.ActiveCfg = Debug|Any CPU
		{EB75F8F9-E1FD-404E-90E5-50022F0DEE79}.Debug|Any CPU.Build.0 = Debug|Any CPU
		{EB75F8F9-E1FD-404E-90E5-50022F0DEE79}.Release|Any CPU.ActiveCfg = Release|Any CPU
		{EB75F8F9-E1FD-404E-90E5-50022F0DEE79}.Release|Any CPU.Build.0 = Release|Any CPU
		{B2FCA90D-3E47-4275-B694-A9C9B3511714}.Debug|Any CPU.ActiveCfg = Debug|Any CPU
		{B2FCA90D-3E47-4275-B694-A9C9B3511714}.Debug|Any CPU.Build.0 = Debug|Any CPU
		{B2FCA90D-3E47-4275-B694-A9C9B3511714}.Release|Any CPU.ActiveCfg = Release|Any CPU
		{B2FCA90D-3E47-4275-B694-A9C9B3511714}.Release|Any CPU.Build.0 = Release|Any CPU
	EndGlobalSection
	GlobalSection(SolutionProperties) = preSolution
		HideSolutionNode = FALSE
	EndGlobalSection
	GlobalSection(ExtensibilityGlobals) = postSolution
		SolutionGuid = {607660B9-93BF-4E8C-9369-EBBBC30048CE}
	EndGlobalSection
EndGlobal
